
Microsoft Visual Studio Solution File, Format Version 12.00
# Visual Studio Version 16
VisualStudioVersion = 16.0.31410.357
MinimumVisualStudioVersion = 10.0.40219.1
Project("{FAE04EC0-301F-11D3-BF4B-00C04F79EFBC}") = "MVC_EF", "MVC_EF.csproj", "{8B1D2170-4962-498D-A565-E9E485ED9863}"
EndProject
Project("{FAE04EC0-301F-11D3-BF4B-00C04F79EFBC}") = "SimpliLearn.DataLayer", "..\SimpliLearn.DataLayer\SimpliLearn.DataLayer.csproj", "{F2D8FE8E-7A0E-4211-B8D1-332234F771CB}"
EndProject
Project("{FAE04EC0-301F-11D3-BF4B-00C04F79EFBC}") = "SimpliLearn.BusinessLayer", "..\SimpliLearn.BusinessLayer\SimpliLearn.BusinessLayer.csproj", "{81188796-BF6E-4633-A788-965C1B840F1E}"
EndProject
Global
	GlobalSection(SolutionConfigurationPlatforms) = preSolution
		Debug|Any CPU = Debug|Any CPU
		Release|Any CPU = Release|Any CPU
	EndGlobalSection
	GlobalSection(ProjectConfigurationPlatforms) = postSolution
		{8B1D2170-4962-498D-A565-E9E485ED9863}.Debug|Any CPU.ActiveCfg = Debug|Any CPU
		{8B1D2170-4962-498D-A565-E9E485ED9863}.Debug|Any CPU.Build.0 = Debug|Any CPU
		{8B1D2170-4962-498D-A565-E9E485ED9863}.Release|Any CPU.ActiveCfg = Release|Any CPU
		{8B1D2170-4962-498D-A565-E9E485ED9863}.Release|Any CPU.Build.0 = Release|Any CPU
		{F2D8FE8E-7A0E-4211-B8D1-332234F771CB}.Debug|Any CPU.ActiveCfg = Debug|Any CPU
		{F2D8FE8E-7A0E-4211-B8D1-332234F771CB}.Debug|Any CPU.Build.0 = Debug|Any CPU
		{F2D8FE8E-7A0E-4211-B8D1-332234F771CB}.Release|Any CPU.ActiveCfg = Release|Any CPU
		{F2D8FE8E-7A0E-4211-B8D1-332234F771CB}.Release|Any CPU.Build.0 = Release|Any CPU
		{81188796-BF6E-4633-A788-965C1B840F1E}.Debug|Any CPU.ActiveCfg = Debug|Any CPU
		{81188796-BF6E-4633-A788-965C1B840F1E}.Debug|Any CPU.Build.0 = Debug|Any CPU
		{81188796-BF6E-4633-A788-965C1B840F1E}.Release|Any CPU.ActiveCfg = Release|Any CPU
		{81188796-BF6E-4633-A788-965C1B840F1E}.Release|Any CPU.Build.0 = Release|Any CPU
	EndGlobalSection
	GlobalSection(SolutionProperties) = preSolution
		HideSolutionNode = FALSE
	EndGlobalSection
	GlobalSection(ExtensibilityGlobals) = postSolution
		SolutionGuid = {3F9303FA-58AF-4750-B5AE-04ADC8BCA912}
	EndGlobalSection
EndGlobal
