
Microsoft Visual Studio Solution File, Format Version 12.00
# Visual Studio Version 16
VisualStudioVersion = 16.0.31410.357
MinimumVisualStudioVersion = 10.0.40219.1
Project("{FAE04EC0-301F-11D3-BF4B-00C04F79EFBC}") = "WebAPISample", "WebAPISample.csproj", "{21F4B387-E044-4056-84A2-FFC3A2D69575}"
EndProject
Global
	GlobalSection(SolutionConfigurationPlatforms) = preSolution
		Debug|Any CPU = Debug|Any CPU
		Release|Any CPU = Release|Any CPU
	EndGlobalSection
	GlobalSection(ProjectConfigurationPlatforms) = postSolution
		{21F4B387-E044-4056-84A2-FFC3A2D69575}.Debug|Any CPU.ActiveCfg = Debug|Any CPU
		{21F4B387-E044-4056-84A2-FFC3A2D69575}.Debug|Any CPU.Build.0 = Debug|Any CPU
		{21F4B387-E044-4056-84A2-FFC3A2D69575}.Release|Any CPU.ActiveCfg = Release|Any CPU
		{21F4B387-E044-4056-84A2-FFC3A2D69575}.Release|Any CPU.Build.0 = Release|Any CPU
	EndGlobalSection
	GlobalSection(SolutionProperties) = preSolution
		HideSolutionNode = FALSE
	EndGlobalSection
	GlobalSection(ExtensibilityGlobals) = postSolution
		SolutionGuid = {FB1D4B35-A643-414E-A004-D5B3006EA555}
	EndGlobalSection
EndGlobal
